// !$*UTF8*$!
{
	archiveVersion = 1;
	classes = {
	};
	objectVersion = 46;
	objects = {

/* Begin PBXBuildFile section */
		E78354231B55726000B9D986 /* main.m in Sources */ = {isa = PBXBuildFile; fileRef = E78354221B55726000B9D986 /* main.m */; };
		E78354261B55726000B9D986 /* AppDelegate.m in Sources */ = {isa = PBXBuildFile; fileRef = E78354251B55726000B9D986 /* AppDelegate.m */; };
		E78354291B55726000B9D986 /* ViewController.m in Sources */ = {isa = PBXBuildFile; fileRef = E78354281B55726000B9D986 /* ViewController.m */; };
		E783542C1B55726000B9D986 /* Main.storyboard in Resources */ = {isa = PBXBuildFile; fileRef = E783542A1B55726000B9D986 /* Main.storyboard */; };
		E783542E1B55726000B9D986 /* Images.xcassets in Resources */ = {isa = PBXBuildFile; fileRef = E783542D1B55726000B9D986 /* Images.xcassets */; };
		E78354311B55726000B9D986 /* LaunchScreen.xib in Resources */ = {isa = PBXBuildFile; fileRef = E783542F1B55726000B9D986 /* LaunchScreen.xib */; };
		E783543D1B55726000B9D986 /* EOTPSTests.m in Sources */ = {isa = PBXBuildFile; fileRef = E783543C1B55726000B9D986 /* EOTPSTests.m */; };
/* End PBXBuildFile section */

/* Begin PBXContainerItemProxy section */
		E78354371B55726000B9D986 /* PBXContainerItemProxy */ = {
			isa = PBXContainerItemProxy;
			containerPortal = E78354151B55726000B9D986 /* Project object */;
			proxyType = 1;
			remoteGlobalIDString = E783541C1B55726000B9D986;
			remoteInfo = EOTPS;
		};
/* End PBXContainerItemProxy section */

/* Begin PBXFileReference section */
		E783541D1B55726000B9D986 /* EOTPS.app */ = {isa = PBXFileReference; explicitFileType = wrapper.application; includeInIndex = 0; path = EOTPS.app; sourceTree = BUILT_PRODUCTS_DIR; };
		E78354211B55726000B9D986 /* Info.plist */ = {isa = PBXFileReference; lastKnownFileType = text.plist.xml; path = Info.plist; sourceTree = "<group>"; };
		E78354221B55726000B9D986 /* main.m */ = {isa = PBXFileReference; lastKnownFileType = sourcecode.c.objc; path = main.m; sourceTree = "<group>"; };
		E78354241B55726000B9D986 /* AppDelegate.h */ = {isa = PBXFileReference; lastKnownFileType = sourcecode.c.h; path = AppDelegate.h; sourceTree = "<group>"; };
		E78354251B55726000B9D986 /* AppDelegate.m */ = {isa = PBXFileReference; lastKnownFileType = sourcecode.c.objc; path = AppDelegate.m; sourceTree = "<group>"; };
		E78354271B55726000B9D986 /* ViewController.h */ = {isa = PBXFileReference; lastKnownFileType = sourcecode.c.h; path = ViewController.h; sourceTree = "<group>"; };
		E78354281B55726000B9D986 /* ViewController.m */ = {isa = PBXFileReference; lastKnownFileType = sourcecode.c.objc; path = ViewController.m; sourceTree = "<group>"; };
		E783542B1B55726000B9D986 /* Base */ = {isa = PBXFileReference; lastKnownFileType = file.storyboard; name = Base; path = Base.lproj/Main.storyboard; sourceTree = "<group>"; };
		E783542D1B55726000B9D986 /* Images.xcassets */ = {isa = PBXFileReference; lastKnownFileType = folder.assetcatalog; path = Images.xcassets; sourceTree = "<group>"; };
		E78354301B55726000B9D986 /* Base */ = {isa = PBXFileReference; lastKnownFileType = file.xib; name = Base; path = Base.lproj/LaunchScreen.xib; sourceTree = "<group>"; };
		E78354361B55726000B9D986 /* EOTPSTests.xctest */ = {isa = PBXFileReference; explicitFileType = wrapper.cfbundle; includeInIndex = 0; path = EOTPSTests.xctest; sourceTree = BUILT_PRODUCTS_DIR; };
		E783543B1B55726000B9D986 /* Info.plist */ = {isa = PBXFileReference; lastKnownFileType = text.plist.xml; path = Info.plist; sourceTree = "<group>"; };
		E783543C1B55726000B9D986 /* EOTPSTests.m */ = {isa = PBXFileReference; lastKnownFileType = sourcecode.c.objc; path = EOTPSTests.m; sourceTree = "<group>"; };
/* End PBXFileReference section */

/* Begin PBXFrameworksBuildPhase section */
		E783541A1B55726000B9D986 /* Frameworks */ = {
			isa = PBXFrameworksBuildPhase;
			buildActionMask = 2147483647;
			files = (
			);
			runOnlyForDeploymentPostprocessing = 0;
		};
		E78354331B55726000B9D986 /* Frameworks */ = {
			isa = PBXFrameworksBuildPhase;
			buildActionMask = 2147483647;
			files = (
			);
			runOnlyForDeploymentPostprocessing = 0;
		};
/* End PBXFrameworksBuildPhase section */

/* Begin PBXGroup section */
		E78354141B55726000B9D986 = {
			isa = PBXGroup;
			children = (
				E783541F1B55726000B9D986 /* EOTPS */,
				E78354391B55726000B9D986 /* EOTPSTests */,
				E783541E1B55726000B9D986 /* Products */,
			);
			sourceTree = "<group>";
		};
		E783541E1B55726000B9D986 /* Products */ = {
			isa = PBXGroup;
			children = (
				E783541D1B55726000B9D986 /* EOTPS.app */,
				E78354361B55726000B9D986 /* EOTPSTests.xctest */,
			);
			name = Products;
			sourceTree = "<group>";
		};
		E783541F1B55726000B9D986 /* EOTPS */ = {
			isa = PBXGroup;
			children = (
				E78354241B55726000B9D986 /* AppDelegate.h */,
				E78354251B55726000B9D986 /* AppDelegate.m */,
				E78354271B55726000B9D986 /* ViewController.h */,
				E78354281B55726000B9D986 /* ViewController.m */,
				E783542A1B55726000B9D986 /* Main.storyboard */,
				E783542D1B55726000B9D986 /* Images.xcassets */,
				E783542F1B55726000B9D986 /* LaunchScreen.xib */,
				E78354201B55726000B9D986 /* Supporting Files */,
			);
			path = EOTPS;
			sourceTree = "<group>";
		};
		E78354201B55726000B9D986 /* Supporting Files */ = {
			isa = PBXGroup;
			children = (
				E78354211B55726000B9D986 /* Info.plist */,
				E78354221B55726000B9D986 /* main.m */,
			);
			name = "Supporting Files";
			sourceTree = "<group>";
		};
		E78354391B55726000B9D986 /* EOTPSTests */ = {
			isa = PBXGroup;
			children = (
				E783543C1B55726000B9D986 /* EOTPSTests.m */,
				E783543A1B55726000B9D986 /* Supporting Files */,
			);
			path = EOTPSTests;
			sourceTree = "<group>";
		};
		E783543A1B55726000B9D986 /* Supporting Files */ = {
			isa = PBXGroup;
			children = (
				E783543B1B55726000B9D986 /* Info.plist */,
			);
			name = "Supporting Files";
			sourceTree = "<group>";
		};
/* End PBXGroup section */

/* Begin PBXNativeTarget section */
		E783541C1B55726000B9D986 /* EOTPS */ = {
			isa = PBXNativeTarget;
			buildConfigurationList = E78354401B55726000B9D986 /* Build configuration list for PBXNativeTarget "EOTPS" */;
			buildPhases = (
				E78354191B55726000B9D986 /* Sources */,
				E783541A1B55726000B9D986 /* Frameworks */,
				E783541B1B55726000B9D986 /* Resources */,
			);
			buildRules = (
			);
			dependencies = (
			);
			name = EOTPS;
			productName = EOTPS;
			productReference = E783541D1B55726000B9D986 /* EOTPS.app */;
			productType = "com.apple.product-type.application";
		};
		E78354351B55726000B9D986 /* EOTPSTests */ = {
			isa = PBXNativeTarget;
			buildConfigurationList = E78354431B55726000B9D986 /* Build configuration list for PBXNativeTarget "EOTPSTests" */;
			buildPhases = (
				E78354321B55726000B9D986 /* Sources */,
				E78354331B55726000B9D986 /* Frameworks */,
				E78354341B55726000B9D986 /* Resources */,
			);
			buildRules = (
			);
			dependencies = (
				E78354381B55726000B9D986 /* PBXTargetDependency */,
			);
			name = EOTPSTests;
			productName = EOTPSTests;
			productReference = E78354361B55726000B9D986 /* EOTPSTests.xctest */;
			productType = "com.apple.product-type.bundle.unit-test";
		};
/* End PBXNativeTarget section */

/* Begin PBXProject section */
		E78354151B55726000B9D986 /* Project object */ = {
			isa = PBXProject;
			attributes = {
				LastUpgradeCheck = 0640;
				TargetAttributes = {
					E783541C1B55726000B9D986 = {
						CreatedOnToolsVersion = 6.4;
					};
					E78354351B55726000B9D986 = {
						CreatedOnToolsVersion = 6.4;
						TestTargetID = E783541C1B55726000B9D986;
					};
				};
			};
			buildConfigurationList = E78354181B55726000B9D986 /* Build configuration list for PBXProject "EOTPS" */;
			compatibilityVersion = "Xcode 3.2";
			developmentRegion = English;
			hasScannedForEncodings = 0;
			knownRegions = (
				en,
				Base,
			);
			mainGroup = E78354141B55726000B9D986;
			productRefGroup = E783541E1B55726000B9D986 /* Products */;
			projectDirPath = "";
			projectRoot = "";
			targets = (
				E783541C1B55726000B9D986 /* EOTPS */,
				E78354351B55726000B9D986 /* EOTPSTests */,
			);
		};
/* End PBXProject section */

/* Begin PBXResourcesBuildPhase section */
		E783541B1B55726000B9D986 /* Resources */ = {
			isa = PBXResourcesBuildPhase;
			buildActionMask = 2147483647;
			files = (
				E783542C1B55726000B9D986 /* Main.storyboard in Resources */,
				E78354311B55726000B9D986 /* LaunchScreen.xib in Resources */,
				E783542E1B55726000B9D986 /* Images.xcassets in Resources */,
			);
			runOnlyForDeploymentPostprocessing = 0;
		};
		E78354341B55726000B9D986 /* Resources */ = {
			isa = PBXResourcesBuildPhase;
			buildActionMask = 2147483647;
			files = (
			);
			runOnlyForDeploymentPostprocessing = 0;
		};
/* End PBXResourcesBuildPhase section */

/* Begin PBXSourcesBuildPhase section */
		E78354191B55726000B9D986 /* Sources */ = {
			isa = PBXSourcesBuildPhase;
			buildActionMask = 2147483647;
			files = (
				E78354291B55726000B9D986 /* ViewController.m in Sources */,
				E78354261B55726000B9D986 /* AppDelegate.m in Sources */,
				E78354231B55726000B9D986 /* main.m in Sources */,
			);
			runOnlyForDeploymentPostprocessing = 0;
		};
		E78354321B55726000B9D986 /* Sources */ = {
			isa = PBXSourcesBuildPhase;
			buildActionMask = 2147483647;
			files = (
				E783543D1B55726000B9D986 /* EOTPSTests.m in Sources */,
			);
			runOnlyForDeploymentPostprocessing = 0;
		};
/* End PBXSourcesBuildPhase section */

/* Begin PBXTargetDependency section */
		E78354381B55726000B9D986 /* PBXTargetDependency */ = {
			isa = PBXTargetDependency;
			target = E783541C1B55726000B9D986 /* EOTPS */;
			targetProxy = E78354371B55726000B9D986 /* PBXContainerItemProxy */;
		};
/* End PBXTargetDependency section */

/* Begin PBXVariantGroup section */
		E783542A1B55726000B9D986 /* Main.storyboard */ = {
			isa = PBXVariantGroup;
			children = (
				E783542B1B55726000B9D986 /* Base */,
			);
			name = Main.storyboard;
			sourceTree = "<group>";
		};
		E783542F1B55726000B9D986 /* LaunchScreen.xib */ = {
			isa = PBXVariantGroup;
			children = (
				E78354301B55726000B9D986 /* Base */,
			);
			name = LaunchScreen.xib;
			sourceTree = "<group>";
		};
/* End PBXVariantGroup section */

/* Begin XCBuildConfiguration section */
		E783543E1B55726000B9D986 /* Debug */ = {
			isa = XCBuildConfiguration;
			buildSettings = {
				ALWAYS_SEARCH_USER_PATHS = NO;
				CLANG_CXX_LANGUAGE_STANDARD = "gnu++0x";
				CLANG_CXX_LIBRARY = "libc++";
				CLANG_ENABLE_MODULES = YES;
				CLANG_ENABLE_OBJC_ARC = YES;
				CLANG_WARN_BOOL_CONVERSION = YES;
				CLANG_WARN_CONSTANT_CONVERSION = YES;
				CLANG_WARN_DIRECT_OBJC_ISA_USAGE = YES_ERROR;
				CLANG_WARN_EMPTY_BODY = YES;
				CLANG_WARN_ENUM_CONVERSION = YES;
				CLANG_WARN_INT_CONVERSION = YES;
				CLANG_WARN_OBJC_ROOT_CLASS = YES_ERROR;
				CLANG_WARN_UNREACHABLE_CODE = YES;
				CLANG_WARN__DUPLICATE_METHOD_MATCH = YES;
				"CODE_SIGN_IDENTITY[sdk=iphoneos*]" = "iPhone Developer";
				COPY_PHASE_STRIP = NO;
				DEBUG_INFORMATION_FORMAT = "dwarf-with-dsym";
				ENABLE_STRICT_OBJC_MSGSEND = YES;
				GCC_C_LANGUAGE_STANDARD = gnu99;
				GCC_DYNAMIC_NO_PIC = NO;
				GCC_NO_COMMON_BLOCKS = YES;
				GCC_OPTIMIZATION_LEVEL = 0;
				GCC_PREPROCESSOR_DEFINITIONS = (
					"DEBUG=1",
					"$(inherited)",
				);
				GCC_SYMBOLS_PRIVATE_EXTERN = NO;
				GCC_WARN_64_TO_32_BIT_CONVERSION = YES;
				GCC_WARN_ABOUT_RETURN_TYPE = YES_ERROR;
				GCC_WARN_UNDECLARED_SELECTOR = YES;
				GCC_WARN_UNINITIALIZED_AUTOS = YES_AGGRESSIVE;
				GCC_WARN_UNUSED_FUNCTION = YES;
				GCC_WARN_UNUSED_VARIABLE = YES;
				IPHONEOS_DEPLOYMENT_TARGET = 8.4;
				MTL_ENABLE_DEBUG_INFO = YES;
				ONLY_ACTIVE_ARCH = YES;
				SDKROOT = iphoneos;
			};
			name = Debug;
		};
		E783543F1B55726000B9D986 /* Release */ = {
			isa = XCBuildConfiguration;
			buildSettings = {
				ALWAYS_SEARCH_USER_PATHS = NO;
				CLANG_CXX_LANGUAGE_STANDARD = "gnu++0x";
				CLANG_CXX_LIBRARY = "libc++";
				CLANG_ENABLE_MODULES = YES;
				CLANG_ENABLE_OBJC_ARC = YES;
				CLANG_WARN_BOOL_CONVERSION = YES;
				CLANG_WARN_CONSTANT_CONVERSION = YES;
				CLANG_WARN_DIRECT_OBJC_ISA_USAGE = YES_ERROR;
				CLANG_WARN_EMPTY_BODY = YES;
				CLANG_WARN_ENUM_CONVERSION = YES;
				CLANG_WARN_INT_CONVERSION = YES;
				CLANG_WARN_OBJC_ROOT_CLASS = YES_ERROR;
				CLANG_WARN_UNREACHABLE_CODE = YES;
				CLANG_WARN__DUPLICATE_METHOD_MATCH = YES;
				"CODE_SIGN_IDENTITY[sdk=iphoneos*]" = "iPhone Developer";
				COPY_PHASE_STRIP = NO;
				DEBUG_INFORMATION_FORMAT = "dwarf-with-dsym";
				ENABLE_NS_ASSERTIONS = NO;
				ENABLE_STRICT_OBJC_MSGSEND = YES;
				GCC_C_LANGUAGE_STANDARD = gnu99;
				GCC_NO_COMMON_BLOCKS = YES;
				GCC_WARN_64_TO_32_BIT_CONVERSION = YES;
				GCC_WARN_ABOUT_RETURN_TYPE = YES_ERROR;
				GCC_WARN_UNDECLARED_SELECTOR = YES;
				GCC_WARN_UNINITIALIZED_AUTOS = YES_AGGRESSIVE;
				GCC_WARN_UNUSED_FUNCTION = YES;
				GCC_WARN_UNUSED_VARIABLE = YES;
				IPHONEOS_DEPLOYMENT_TARGET = 8.4;
				MTL_ENABLE_DEBUG_INFO = NO;
				SDKROOT = iphoneos;
				VALIDATE_PRODUCT = YES;
			};
			name = Release;
		};
		E78354411B55726000B9D986 /* Debug */ = {
			isa = XCBuildConfiguration;
			buildSettings = {
				ASSETCATALOG_COMPILER_APPICON_NAME = AppIcon;
				INFOPLIST_FILE = EOTPS/Info.plist;
				LD_RUNPATH_SEARCH_PATHS = "$(inherited) @executable_path/Frameworks";
				PRODUCT_NAME = "$(TARGET_NAME)";
			};
			name = Debug;
		};
		E78354421B55726000B9D986 /* Release */ = {
			isa = XCBuildConfiguration;
			buildSettings = {
				ASSETCATALOG_COMPILER_APPICON_NAME = AppIcon;
				INFOPLIST_FILE = EOTPS/Info.plist;
				LD_RUNPATH_SEARCH_PATHS = "$(inherited) @executable_path/Frameworks";
				PRODUCT_NAME = "$(TARGET_NAME)";
			};
			name = Release;
		};
		E78354441B55726000B9D986 /* Debug */ = {
			isa = XCBuildConfiguration;
			buildSettings = {
				BUNDLE_LOADER = "$(TEST_HOST)";
				FRAMEWORK_SEARCH_PATHS = (
					"$(SDKROOT)/Developer/Library/Frameworks",
					"$(inherited)",
				);
				GCC_PREPROCESSOR_DEFINITIONS = (
					"DEBUG=1",
					"$(inherited)",
				);
				INFOPLIST_FILE = EOTPSTests/Info.plist;
				LD_RUNPATH_SEARCH_PATHS = "$(inherited) @executable_path/Frameworks @loader_path/Frameworks";
				PRODUCT_NAME = "$(TARGET_NAME)";
				TEST_HOST = "$(BUILT_PRODUCTS_DIR)/EOTPS.app/EOTPS";
			};
			name = Debug;
		};
		E78354451B55726000B9D986 /* Release */ = {
			isa = XCBuildConfiguration;
			buildSettings = {
				BUNDLE_LOADER = "$(TEST_HOST)";
				FRAMEWORK_SEARCH_PATHS = (
					"$(SDKROOT)/Developer/Library/Frameworks",
					"$(inherited)",
				);
				INFOPLIST_FILE = EOTPSTests/Info.plist;
				LD_RUNPATH_SEARCH_PATHS = "$(inherited) @executable_path/Frameworks @loader_path/Frameworks";
				PRODUCT_NAME = "$(TARGET_NAME)";
				TEST_HOST = "$(BUILT_PRODUCTS_DIR)/EOTPS.app/EOTPS";
			};
			name = Release;
		};
/* End XCBuildConfiguration section */

/* Begin XCConfigurationList section */
		E78354181B55726000B9D986 /* Build configuration list for PBXProject "EOTPS" */ = {
			isa = XCConfigurationList;
			buildConfigurations = (
				E783543E1B55726000B9D986 /* Debug */,
				E783543F1B55726000B9D986 /* Release */,
			);
			defaultConfigurationIsVisible = 0;
			defaultConfigurationName = Release;
		};
		E78354401B55726000B9D986 /* Build configuration list for PBXNativeTarget "EOTPS" */ = {
			isa = XCConfigurationList;
			buildConfigurations = (
				E78354411B55726000B9D986 /* Debug */,
				E78354421B55726000B9D986 /* Release */,
			);
			defaultConfigurationIsVisible = 0;
		};
		E78354431B55726000B9D986 /* Build configuration list for PBXNativeTarget "EOTPSTests" */ = {
			isa = XCConfigurationList;
			buildConfigurations = (
				E78354441B55726000B9D986 /* Debug */,
				E78354451B55726000B9D986 /* Release */,
			);
			defaultConfigurationIsVisible = 0;
		};
/* End XCConfigurationList section */
	};
	rootObject = E78354151B55726000B9D986 /* Project object */;
}
